
Microsoft Visual Studio Solution File, Format Version 12.00
# Visual Studio Version 17
VisualStudioVersion = 17.2.32519.379
MinimumVisualStudioVersion = 10.0.40219.1
Project("{FAE04EC0-301F-11D3-BF4B-00C04F79EFBC}") = "Ex16", "Ex16\Ex16.csproj", "{24D2ED94-7454-4474-94E7-82363FF86E61}"
EndProject
Global
	GlobalSection(SolutionConfigurationPlatforms) = preSolution
		Debug|Any CPU = Debug|Any CPU
		Release|Any CPU = Release|Any CPU
	EndGlobalSection
	GlobalSection(ProjectConfigurationPlatforms) = postSolution
		{24D2ED94-7454-4474-94E7-82363FF86E61}.Debug|Any CPU.ActiveCfg = Debug|Any CPU
		{24D2ED94-7454-4474-94E7-82363FF86E61}.Debug|Any CPU.Build.0 = Debug|Any CPU
		{24D2ED94-7454-4474-94E7-82363FF86E61}.Release|Any CPU.ActiveCfg = Release|Any CPU
		{24D2ED94-7454-4474-94E7-82363FF86E61}.Release|Any CPU.Build.0 = Release|Any CPU
	EndGlobalSection
	GlobalSection(SolutionProperties) = preSolution
		HideSolutionNode = FALSE
	EndGlobalSection
	GlobalSection(ExtensibilityGlobals) = postSolution
		SolutionGuid = {4B656390-D202-4D6A-BAAA-D6BDD671579D}
	EndGlobalSection
EndGlobal
