
Microsoft Visual Studio Solution File, Format Version 12.00
# Visual Studio Version 17
VisualStudioVersion = 17.0.31919.166
MinimumVisualStudioVersion = 10.0.40219.1
Project("{FAE04EC0-301F-11D3-BF4B-00C04F79EFBC}") = "Ex18", "Ex18\Ex18.csproj", "{B17E0698-4B8E-468F-A446-C19BCB0A8637}"
EndProject
Global
	GlobalSection(SolutionConfigurationPlatforms) = preSolution
		Debug|Any CPU = Debug|Any CPU
		Release|Any CPU = Release|Any CPU
	EndGlobalSection
	GlobalSection(ProjectConfigurationPlatforms) = postSolution
		{B17E0698-4B8E-468F-A446-C19BCB0A8637}.Debug|Any CPU.ActiveCfg = Debug|Any CPU
		{B17E0698-4B8E-468F-A446-C19BCB0A8637}.Debug|Any CPU.Build.0 = Debug|Any CPU
		{B17E0698-4B8E-468F-A446-C19BCB0A8637}.Release|Any CPU.ActiveCfg = Release|Any CPU
		{B17E0698-4B8E-468F-A446-C19BCB0A8637}.Release|Any CPU.Build.0 = Release|Any CPU
	EndGlobalSection
	GlobalSection(SolutionProperties) = preSolution
		HideSolutionNode = FALSE
	EndGlobalSection
	GlobalSection(ExtensibilityGlobals) = postSolution
		SolutionGuid = {F45E1EC0-E22E-44B7-B067-CAF26554B288}
	EndGlobalSection
EndGlobal
